github.com/bots-garden/capsule/commons v0.0.0-20220903062354-1c48dd250b77 h1:CyywCzVyAuT7fHf5iHgjx0IqUvEVevtbVMwbSkS2VnA=
github.com/bots-garden/capsule/commons v0.0.0-20220903062354-1c48dd250b77/go.mod h1:5ctHSZAwy3GEi4tR9YKFTfWtBUXDcOMFHNiJYXbV61c=
github.com/bots-garden/capsule/commons v0.0.0-20220903105536-e833f3d14593 h1:ZyijXSlp/DUFiw/rmyntfqjU1UqWgR5wof93wiEZgu8=
github.com/bots-garden/capsule/commons v0.0.0-20220903105536-e833f3d14593/go.mod h1:5ctHSZAwy3GEi4tR9YKFTfWtBUXDcOMFHNiJYXbV61c=
