github.com/bots-garden/capsule/commons v0.0.0-20220821060842-d1dc9f030021 h1:cBeILASaSUdrsImLP6wR6a747SHYBJqIwuADm2BMDO4=
github.com/bots-garden/capsule/commons v0.0.0-20220821060842-d1dc9f030021/go.mod h1:5ctHSZAwy3GEi4tR9YKFTfWtBUXDcOMFHNiJYXbV61c=
github.com/bots-garden/capsule/commons v0.0.0-20220903062354-1c48dd250b77 h1:CyywCzVyAuT7fHf5iHgjx0IqUvEVevtbVMwbSkS2VnA=
github.com/bots-garden/capsule/commons v0.0.0-20220903062354-1c48dd250b77/go.mod h1:5ctHSZAwy3GEi4tR9YKFTfWtBUXDcOMFHNiJYXbV61c=
