github.com/bots-garden/capsule/capsulelauncher v0.0.0-20220730124301-0e930e538482 h1:UxZAqWqZQ+NBr4Y/uTQzMXBezemx8aHHpAdm5yjgmRk=
github.com/bots-garden/capsule/capsulelauncher v0.0.0-20220730124301-0e930e538482/go.mod h1:gRPL1+9f/hOXbIlKmR9Is5G6xSjst25usbLGEWP3hTU=
github.com/bots-garden/capsule/capsulemodule v0.0.0-20220730130303-2f1fc7ff9b42 h1:riAchPaItxFGUp9v1b35fT3Uvgm9DhiH2p51mn3Is0o=
github.com/bots-garden/capsule/capsulemodule v0.0.0-20220730130303-2f1fc7ff9b42/go.mod h1:Jfr80DRo5cX0VRebVcS9R802zH/uKcljiE6uC2iNUyo=
github.com/bots-garden/capsule/capsulemodule/hostfunctions/files v0.0.0-20220730125543-ff34fbaa307f h1:DLr3Y68ONPwCNkCmc1PII8UmMjBwlIh40wox6rOVxdU=
github.com/bots-garden/capsule/capsulemodule/hostfunctions/files v0.0.0-20220730125543-ff34fbaa307f/go.mod h1:PUK8RYTNSF9FZZfcSEKDXg4TDAV/Ot1KN9k1bIexNps=
