github.com/bots-garden/capsule v0.0.0-20220728070309-46c44a73a3d1 h1:t/lTDzIEco1iWQbKVRfqWFs+rD3bSJQjuutMC0qbhr0=
github.com/bots-garden/capsule v0.0.0-20220728070309-46c44a73a3d1/go.mod h1:PBhXY24j6vjuYghjEt+9mXzDb2ZwD9m9PAh9e6FTXck=
github.com/bots-garden/capsule/capsulemodule v0.0.0-20220730130303-2f1fc7ff9b42 h1:riAchPaItxFGUp9v1b35fT3Uvgm9DhiH2p51mn3Is0o=
github.com/bots-garden/capsule/capsulemodule v0.0.0-20220730130303-2f1fc7ff9b42/go.mod h1:Jfr80DRo5cX0VRebVcS9R802zH/uKcljiE6uC2iNUyo=
