github.com/bots-garden/capsule/capsulelauncher v0.0.0-20220730132531-d288ee6b97a4 h1:q/V3CMSCnUdjr/Gx5112PQUCo810ebn+wJhwxK2ZYXw=
github.com/bots-garden/capsule/capsulelauncher v0.0.0-20220730132531-d288ee6b97a4/go.mod h1:At1Ce+IGheweU8baD/ZvD0DS64O7fpNZzrXFuQjDO8I=
github.com/bots-garden/capsule/capsulelauncher v0.0.0-20220730135606-1eede3f3645a h1:MbKeIW07LpiEh+Zp6RiiKynwan6CGip5+XbE4xHQfcw=
github.com/bots-garden/capsule/capsulelauncher v0.0.0-20220730135606-1eede3f3645a/go.mod h1:At1Ce+IGheweU8baD/ZvD0DS64O7fpNZzrXFuQjDO8I=
github.com/bots-garden/capsule/capsulemodule v0.0.0-20220730135606-1eede3f3645a h1:BzYy0IcwyiSsl2AYVMsaFpzd7dEI6DADXnRvNsgqNvE=
github.com/bots-garden/capsule/capsulemodule v0.0.0-20220730135606-1eede3f3645a/go.mod h1:EaVFtPgXmGwHz1X68it+zOFBbMc1PqhFuC7eVePygC8=
github.com/bots-garden/capsule/capsulemodule v0.0.0-20220730154229-17372954e5a4 h1:xhT0AWINVJqM7wjnD6rqDC1HlSb/3u2aNSakKVo5VHg=
github.com/bots-garden/capsule/capsulemodule v0.0.0-20220730154229-17372954e5a4/go.mod h1:q4AQUEwpNcNmkaPQxMac5UF9BfpxGJ3jUiXx+aiD3No=
