github.com/bots-garden/capsule/capsulelauncher v0.0.0-20220730130303-2f1fc7ff9b42 h1:kKuAszSBijZengtPIVapkk049SXE5wzklcP64v42zHw=
github.com/bots-garden/capsule/capsulelauncher v0.0.0-20220730130303-2f1fc7ff9b42/go.mod h1:At1Ce+IGheweU8baD/ZvD0DS64O7fpNZzrXFuQjDO8I=
github.com/bots-garden/capsule/capsulemodule v0.0.0-20220730132531-d288ee6b97a4 h1:px42oVTpc/FntKs4fCcbfzLk7z6PorlUTlxRivd/Tvo=
github.com/bots-garden/capsule/capsulemodule v0.0.0-20220730132531-d288ee6b97a4/go.mod h1:CFuO1UNMvehwFZImG7hyN8rEpX+rE8fSazyvUNaueEQ=
