github.com/bots-garden/capsule/capsulelauncher v0.0.0-20220728222127-2f95800fd92a h1:gavM/MARQE24ujebuo0O0EwgbgiMLEV7LNkM2qWDyLs=
github.com/bots-garden/capsule/capsulelauncher v0.0.0-20220728222127-2f95800fd92a/go.mod h1:TDT2/rdIpnE6OhX839pCq/pRFjQfkjkkbAbdQYENXNg=
github.com/bots-garden/capsule/capsulemodule v0.0.0-20220728222127-2f95800fd92a h1:MZ2ZSSElsJTSt2csOYGHt4F9VARwuDb7U8AHY42a+MM=
github.com/bots-garden/capsule/capsulemodule v0.0.0-20220728222127-2f95800fd92a/go.mod h1:Jfr80DRo5cX0VRebVcS9R802zH/uKcljiE6uC2iNUyo=
